github.com/git-pkgs/purl v0.1.20 h1:a4qzvUy5mBZ2GGjOQNW2h/ocFqjTjOiTDMv2ONtivmM=
github.com/git-pkgs/purl v0.1.20/go.mod h1:hthV5mp+Q67HpQ9+LnRLLmsReu5ooyQ5EaJsCGrA8yE=
github.com/git-pkgs/scan v0.1.0 h1:m11tjpq1dQcFQ23m1tby/3WEIB94iKeHI8fmcnxzvI0=
github.com/git-pkgs/scan v0.1.0/go.mod h1:XWlnQFm9NVpqw+ztH9QpZl/3tm252wfj9z6/479pp2c=
github.com/git-pkgs/vers v0.6.0 h1:droJw8+oSyl8/UoDj/96B9ZPggmxJDTl/JeixzfKzSc=
github.com/git-pkgs/vers v0.6.0/go.mod h1:biTbSQK1qdbrsxDEKnqe3Jzclxz8vW6uDcwKjfUGcOo=
github.com/package-url/packageurl-go v0.1.7 h1:iFWg6tzAjLA6F/qX3M5nZaiMHJgc+p2zxVyr/fY+sZY=
github.com/package-url/packageurl-go v0.1.7/go.mod h1:nKAWB8E6uk1MHqiS/lQb9pYBGH2+mdJ2PJc2s50dQY0=
golang.org/x/net v0.59.0 h1:5zfYln+w5XCxwrnMMJPufRgNoXEaGxl0wo5GqPXyues=
golang.org/x/net v0.59.0/go.mod h1:2DA/G1UfVbCpQPeWTmMPGY7Cs2PkBkwu743bVX5PIVg=
